
Microsoft Visual Studio Solution File, Format Version 12.00
# Visual Studio 2012
Project("{FAE04EC0-301F-11D3-BF4B-00C04F79EFBC}") = "SkiaImageDraw", "SkiaImageDraw.csproj", "{D7BC1BDE-1BC0-4E05-B07B-26A88B968874}"
EndProject
Project("{FAE04EC0-301F-11D3-BF4B-00C04F79EFBC}") = "SkiaImageDraw.iOS", "iOS\SkiaImageDraw.iOS.csproj", "{3D94562A-3CC2-4F60-9D4C-D79F5DB1086D}"
EndProject
Project("{FAE04EC0-301F-11D3-BF4B-00C04F79EFBC}") = "SkiaImageDraw.Droid", "Droid\SkiaImageDraw.Droid.csproj", "{7867B5B3-3539-43AA-A27F-9B42B5B527BF}"
EndProject
Global
	GlobalSection(SolutionConfigurationPlatforms) = preSolution
		Debug|Any CPU = Debug|Any CPU
		Release|Any CPU = Release|Any CPU
		Debug|iPhoneSimulator = Debug|iPhoneSimulator
		Release|iPhone = Release|iPhone
		Release|iPhoneSimulator = Release|iPhoneSimulator
		Debug|iPhone = Debug|iPhone
	EndGlobalSection
	GlobalSection(ProjectConfigurationPlatforms) = postSolution
		{D7BC1BDE-1BC0-4E05-B07B-26A88B968874}.Debug|Any CPU.ActiveCfg = Debug|Any CPU
		{D7BC1BDE-1BC0-4E05-B07B-26A88B968874}.Debug|Any CPU.Build.0 = Debug|Any CPU
		{D7BC1BDE-1BC0-4E05-B07B-26A88B968874}.Release|Any CPU.ActiveCfg = Release|Any CPU
		{D7BC1BDE-1BC0-4E05-B07B-26A88B968874}.Release|Any CPU.Build.0 = Release|Any CPU
		{D7BC1BDE-1BC0-4E05-B07B-26A88B968874}.Debug|iPhoneSimulator.ActiveCfg = Debug|Any CPU
		{D7BC1BDE-1BC0-4E05-B07B-26A88B968874}.Debug|iPhoneSimulator.Build.0 = Debug|Any CPU
		{D7BC1BDE-1BC0-4E05-B07B-26A88B968874}.Release|iPhone.ActiveCfg = Release|Any CPU
		{D7BC1BDE-1BC0-4E05-B07B-26A88B968874}.Release|iPhone.Build.0 = Release|Any CPU
		{D7BC1BDE-1BC0-4E05-B07B-26A88B968874}.Release|iPhoneSimulator.ActiveCfg = Release|Any CPU
		{D7BC1BDE-1BC0-4E05-B07B-26A88B968874}.Release|iPhoneSimulator.Build.0 = Release|Any CPU
		{D7BC1BDE-1BC0-4E05-B07B-26A88B968874}.Debug|iPhone.ActiveCfg = Debug|Any CPU
		{D7BC1BDE-1BC0-4E05-B07B-26A88B968874}.Debug|iPhone.Build.0 = Debug|Any CPU
		{3D94562A-3CC2-4F60-9D4C-D79F5DB1086D}.Debug|Any CPU.ActiveCfg = Debug|iPhoneSimulator
		{3D94562A-3CC2-4F60-9D4C-D79F5DB1086D}.Debug|Any CPU.Build.0 = Debug|iPhoneSimulator
		{3D94562A-3CC2-4F60-9D4C-D79F5DB1086D}.Release|Any CPU.ActiveCfg = Release|iPhone
		{3D94562A-3CC2-4F60-9D4C-D79F5DB1086D}.Release|Any CPU.Build.0 = Release|iPhone
		{3D94562A-3CC2-4F60-9D4C-D79F5DB1086D}.Debug|iPhoneSimulator.ActiveCfg = Debug|iPhoneSimulator
		{3D94562A-3CC2-4F60-9D4C-D79F5DB1086D}.Debug|iPhoneSimulator.Build.0 = Debug|iPhoneSimulator
		{3D94562A-3CC2-4F60-9D4C-D79F5DB1086D}.Release|iPhone.ActiveCfg = Release|iPhone
		{3D94562A-3CC2-4F60-9D4C-D79F5DB1086D}.Release|iPhone.Build.0 = Release|iPhone
		{3D94562A-3CC2-4F60-9D4C-D79F5DB1086D}.Release|iPhoneSimulator.ActiveCfg = Release|iPhoneSimulator
		{3D94562A-3CC2-4F60-9D4C-D79F5DB1086D}.Release|iPhoneSimulator.Build.0 = Release|iPhoneSimulator
		{3D94562A-3CC2-4F60-9D4C-D79F5DB1086D}.Debug|iPhone.ActiveCfg = Debug|iPhone
		{3D94562A-3CC2-4F60-9D4C-D79F5DB1086D}.Debug|iPhone.Build.0 = Debug|iPhone
		{7867B5B3-3539-43AA-A27F-9B42B5B527BF}.Debug|Any CPU.ActiveCfg = Debug|Any CPU
		{7867B5B3-3539-43AA-A27F-9B42B5B527BF}.Debug|Any CPU.Build.0 = Debug|Any CPU
		{7867B5B3-3539-43AA-A27F-9B42B5B527BF}.Release|Any CPU.ActiveCfg = Release|Any CPU
		{7867B5B3-3539-43AA-A27F-9B42B5B527BF}.Release|Any CPU.Build.0 = Release|Any CPU
		{7867B5B3-3539-43AA-A27F-9B42B5B527BF}.Debug|iPhoneSimulator.ActiveCfg = Debug|Any CPU
		{7867B5B3-3539-43AA-A27F-9B42B5B527BF}.Debug|iPhoneSimulator.Build.0 = Debug|Any CPU
		{7867B5B3-3539-43AA-A27F-9B42B5B527BF}.Release|iPhone.ActiveCfg = Release|Any CPU
		{7867B5B3-3539-43AA-A27F-9B42B5B527BF}.Release|iPhone.Build.0 = Release|Any CPU
		{7867B5B3-3539-43AA-A27F-9B42B5B527BF}.Release|iPhoneSimulator.ActiveCfg = Release|Any CPU
		{7867B5B3-3539-43AA-A27F-9B42B5B527BF}.Release|iPhoneSimulator.Build.0 = Release|Any CPU
		{7867B5B3-3539-43AA-A27F-9B42B5B527BF}.Debug|iPhone.ActiveCfg = Debug|Any CPU
		{7867B5B3-3539-43AA-A27F-9B42B5B527BF}.Debug|iPhone.Build.0 = Debug|Any CPU
	EndGlobalSection
EndGlobal
